<?xml version="1.0" encoding="utf-8"?>
<Project ToolsVersion="4.0" xmlns="http://schemas.microsoft.com/developer/msbuild/2003">
  <ItemGroup>
    <ClCompile Include="..\custom_type_unordered_map.cpp" />
    <ClCompile Include="..\efficient_insert_or_reassign_to_map.cpp" />
    <ClCompile Include="..\erase_remove_idiom.cpp" />
    <ClCompile Include="..\filter_unique_user_input.cpp" />
    <ClCompile Include="..\keep_vector_sorted.cpp" />
    <ClCompile Include="..\map_insertion_hint.cpp" />
    <ClCompile Include="..\mapnode_key_modification.cpp" />
    <ClCompile Include="..\personal_organiser_priority_queue.cpp" />
    <ClCompile Include="..\quick_delete_from_unordered_vector.cpp" />
    <ClCompile Include="..\rpn_calculator.cpp" />
    <ClCompile Include="..\sentence_length.cpp" />
    <ClCompile Include="..\vector_access_fast_or_safe.cpp" />
    <ClCompile Include="..\word_frequency_counter.cpp" />
  </ItemGroup>
</Project>